
Microsoft Visual Studio Solution File, Format Version 12.00
# Visual Studio Version 17
VisualStudioVersion = 17.5.002.0
MinimumVisualStudioVersion = 10.0.40219.1
Project("{9A19103F-16F7-4668-BE54-9A1E7A4F7556}") = "DesafioPOO", "DesafioPOO.csproj", "{C7247D59-6F73-4580-B67B-73E1EFFA58C6}"
EndProject
Global
	GlobalSection(SolutionConfigurationPlatforms) = preSolution
		Debug|Any CPU = Debug|Any CPU
		Release|Any CPU = Release|Any CPU
	EndGlobalSection
	GlobalSection(ProjectConfigurationPlatforms) = postSolution
		{C7247D59-6F73-4580-B67B-73E1EFFA58C6}.Debug|Any CPU.ActiveCfg = Debug|Any CPU
		{C7247D59-6F73-4580-B67B-73E1EFFA58C6}.Debug|Any CPU.Build.0 = Debug|Any CPU
		{C7247D59-6F73-4580-B67B-73E1EFFA58C6}.Release|Any CPU.ActiveCfg = Release|Any CPU
		{C7247D59-6F73-4580-B67B-73E1EFFA58C6}.Release|Any CPU.Build.0 = Release|Any CPU
	EndGlobalSection
	GlobalSection(SolutionProperties) = preSolution
		HideSolutionNode = FALSE
	EndGlobalSection
	GlobalSection(ExtensibilityGlobals) = postSolution
		SolutionGuid = {574700DE-6F22-48B2-946A-CD90D5397558}
	EndGlobalSection
EndGlobal
